// !$*UTF8*$!
{
	archiveVersion = 1;
	classes = {
	};
	objectVersion = 56;
	objects = {

/* Begin PBXBuildFile section */
		6A7355FFC72BADDD54D44E25 /* Pods_FerroviasTests.framework in Frameworks */ = {isa = PBXBuildFile; fileRef = 5CD991D4CB88F281F5D9937E /* Pods_FerroviasTests.framework */; };
		DD7087C32C02AF5200B93351 /* Pods_Ferrovias.framework in Frameworks */ = {isa = PBXBuildFile; fileRef = 19EAE2E99A674B53CF19F80F /* Pods_Ferrovias.framework */; };
		DD7087C42C02AF5200B93351 /* Pods_Ferrovias.framework in Embed Frameworks */ = {isa = PBXBuildFile; fileRef = 19EAE2E99A674B53CF19F80F /* Pods_Ferrovias.framework */; settings = {ATTRIBUTES = (CodeSignOnCopy, RemoveHeadersOnCopy, ); }; };
		DDA1B1FFAF84DBA7928A45FA /* Pods_Ferrovias_FerroviasUITests.framework in Frameworks */ = {isa = PBXBuildFile; fileRef = 21CE57BC60370A83BD97C1D2 /* Pods_Ferrovias_FerroviasUITests.framework */; };
		DDD4CB1C2C02963B001B51CD /* WFerroviasApp.swift in Sources */ = {isa = PBXBuildFile; fileRef = DDD4CB1B2C02963B001B51CD /* WFerroviasApp.swift */; };
		DDD4CB1E2C02963B001B51CD /* ContentView.swift in Sources */ = {isa = PBXBuildFile; fileRef = DDD4CB1D2C02963B001B51CD /* ContentView.swift */; };
		DDD4CB202C02963C001B51CD /* Assets.xcassets in Resources */ = {isa = PBXBuildFile; fileRef = DDD4CB1F2C02963C001B51CD /* Assets.xcassets */; };
		DDD4CB232C02963C001B51CD /* Preview Assets.xcassets in Resources */ = {isa = PBXBuildFile; fileRef = DDD4CB222C02963C001B51CD /* Preview Assets.xcassets */; };
		DDD4CB2D2C02963D001B51CD /* WFerrovias_Watch_AppTests.swift in Sources */ = {isa = PBXBuildFile; fileRef = DDD4CB2C2C02963D001B51CD /* WFerrovias_Watch_AppTests.swift */; };
		DDD4CB372C02963D001B51CD /* WFerrovias_Watch_AppUITests.swift in Sources */ = {isa = PBXBuildFile; fileRef = DDD4CB362C02963D001B51CD /* WFerrovias_Watch_AppUITests.swift */; };
		DDD4CB392C02963D001B51CD /* WFerrovias_Watch_AppUITestsLaunchTests.swift in Sources */ = {isa = PBXBuildFile; fileRef = DDD4CB382C02963D001B51CD /* WFerrovias_Watch_AppUITestsLaunchTests.swift */; };
		DDD4CB472C0296AE001B51CD /* SwiftSoup in Frameworks */ = {isa = PBXBuildFile; productRef = DDD4CB462C0296AE001B51CD /* SwiftSoup */; };
		DDF760B42BF7FCED0028E846 /* FerroviasApp.swift in Sources */ = {isa = PBXBuildFile; fileRef = DDF760B32BF7FCED0028E846 /* FerroviasApp.swift */; };
		DDF760B62BF7FCED0028E846 /* ContentView.swift in Sources */ = {isa = PBXBuildFile; fileRef = DDF760B52BF7FCED0028E846 /* ContentView.swift */; };
		DDF760B82BF7FCEF0028E846 /* Assets.xcassets in Resources */ = {isa = PBXBuildFile; fileRef = DDF760B72BF7FCEF0028E846 /* Assets.xcassets */; };
		DDF760BB2BF7FCEF0028E846 /* Preview Assets.xcassets in Resources */ = {isa = PBXBuildFile; fileRef = DDF760BA2BF7FCEF0028E846 /* Preview Assets.xcassets */; };
		DDF760C52BF7FCEF0028E846 /* FerroviasTests.swift in Sources */ = {isa = PBXBuildFile; fileRef = DDF760C42BF7FCEF0028E846 /* FerroviasTests.swift */; };
		DDF760CF2BF7FCEF0028E846 /* FerroviasUITests.swift in Sources */ = {isa = PBXBuildFile; fileRef = DDF760CE2BF7FCEF0028E846 /* FerroviasUITests.swift */; };
		DDF760D12BF7FCEF0028E846 /* FerroviasUITestsLaunchTests.swift in Sources */ = {isa = PBXBuildFile; fileRef = DDF760D02BF7FCEF0028E846 /* FerroviasUITestsLaunchTests.swift */; };
/* End PBXBuildFile section */

/* Begin PBXContainerItemProxy section */
		DDD4CB292C02963D001B51CD /* PBXContainerItemProxy */ = {
			isa = PBXContainerItemProxy;
			containerPortal = DDF760A82BF7FCED0028E846 /* Project object */;
			proxyType = 1;
			remoteGlobalIDString = DDD4CB182C02963B001B51CD;
			remoteInfo = "WFerrovias Watch App";
		};
		DDD4CB332C02963D001B51CD /* PBXContainerItemProxy */ = {
			isa = PBXContainerItemProxy;
			containerPortal = DDF760A82BF7FCED0028E846 /* Project object */;
			proxyType = 1;
			remoteGlobalIDString = DDD4CB182C02963B001B51CD;
			remoteInfo = "WFerrovias Watch App";
		};
		DDF760C12BF7FCEF0028E846 /* PBXContainerItemProxy */ = {
			isa = PBXContainerItemProxy;
			containerPortal = DDF760A82BF7FCED0028E846 /* Project object */;
			proxyType = 1;
			remoteGlobalIDString = DDF760AF2BF7FCED0028E846;
			remoteInfo = Ferrovias;
		};
		DDF760CB2BF7FCEF0028E846 /* PBXContainerItemProxy */ = {
			isa = PBXContainerItemProxy;
			containerPortal = DDF760A82BF7FCED0028E846 /* Project object */;
			proxyType = 1;
			remoteGlobalIDString = DDF760AF2BF7FCED0028E846;
			remoteInfo = Ferrovias;
		};
/* End PBXContainerItemProxy section */

/* Begin PBXCopyFilesBuildPhase section */
		DD7087C52C02AF5200B93351 /* Embed Frameworks */ = {
			isa = PBXCopyFilesBuildPhase;
			buildActionMask = 8;
			dstPath = "";
			dstSubfolderSpec = 10;
			files = (
				DD7087C42C02AF5200B93351 /* Pods_Ferrovias.framework in Embed Frameworks */,
			);
			name = "Embed Frameworks";
			runOnlyForDeploymentPostprocessing = 1;
		};
/* End PBXCopyFilesBuildPhase section */

/* Begin PBXFileReference section */
		18BA9635BE9E24370C7CF24F /* Pods-FerroviasTests.debug.xcconfig */ = {isa = PBXFileReference; includeInIndex = 1; lastKnownFileType = text.xcconfig; name = "Pods-FerroviasTests.debug.xcconfig"; path = "Target Support Files/Pods-FerroviasTests/Pods-FerroviasTests.debug.xcconfig"; sourceTree = "<group>"; };
		19EAE2E99A674B53CF19F80F /* Pods_Ferrovias.framework */ = {isa = PBXFileReference; explicitFileType = wrapper.framework; includeInIndex = 0; path = Pods_Ferrovias.framework; sourceTree = BUILT_PRODUCTS_DIR; };
		1B850BDFA34C9E8EF2CDD8F7 /* Pods-Ferrovias.debug.xcconfig */ = {isa = PBXFileReference; includeInIndex = 1; lastKnownFileType = text.xcconfig; name = "Pods-Ferrovias.debug.xcconfig"; path = "Target Support Files/Pods-Ferrovias/Pods-Ferrovias.debug.xcconfig"; sourceTree = "<group>"; };
		21CE57BC60370A83BD97C1D2 /* Pods_Ferrovias_FerroviasUITests.framework */ = {isa = PBXFileReference; explicitFileType = wrapper.framework; includeInIndex = 0; path = Pods_Ferrovias_FerroviasUITests.framework; sourceTree = BUILT_PRODUCTS_DIR; };
		398F50F6C597BD0D93E7B931 /* Pods-FerroviasTests.release.xcconfig */ = {isa = PBXFileReference; includeInIndex = 1; lastKnownFileType = text.xcconfig; name = "Pods-FerroviasTests.release.xcconfig"; path = "Target Support Files/Pods-FerroviasTests/Pods-FerroviasTests.release.xcconfig"; sourceTree = "<group>"; };
		5CD991D4CB88F281F5D9937E /* Pods_FerroviasTests.framework */ = {isa = PBXFileReference; explicitFileType = wrapper.framework; includeInIndex = 0; path = Pods_FerroviasTests.framework; sourceTree = BUILT_PRODUCTS_DIR; };
		94E6FF3E3337E8B1E1EE10FE /* Pods-Ferrovias-FerroviasUITests.debug.xcconfig */ = {isa = PBXFileReference; includeInIndex = 1; lastKnownFileType = text.xcconfig; name = "Pods-Ferrovias-FerroviasUITests.debug.xcconfig"; path = "Target Support Files/Pods-Ferrovias-FerroviasUITests/Pods-Ferrovias-FerroviasUITests.debug.xcconfig"; sourceTree = "<group>"; };
		9C308F9F486F5F00E2B5D7D3 /* Pods-Ferrovias.release.xcconfig */ = {isa = PBXFileReference; includeInIndex = 1; lastKnownFileType = text.xcconfig; name = "Pods-Ferrovias.release.xcconfig"; path = "Target Support Files/Pods-Ferrovias/Pods-Ferrovias.release.xcconfig"; sourceTree = "<group>"; };
		B33030CCB07D7311AA651B08 /* Pods-Ferrovias-FerroviasUITests.release.xcconfig */ = {isa = PBXFileReference; includeInIndex = 1; lastKnownFileType = text.xcconfig; name = "Pods-Ferrovias-FerroviasUITests.release.xcconfig"; path = "Target Support Files/Pods-Ferrovias-FerroviasUITests/Pods-Ferrovias-FerroviasUITests.release.xcconfig"; sourceTree = "<group>"; };
		DD900DBB2BF806B300F5984B /* Info.plist */ = {isa = PBXFileReference; lastKnownFileType = text.plist; path = Info.plist; sourceTree = "<group>"; };
		DDD4CB192C02963B001B51CD /* WFerrovias Watch App.app */ = {isa = PBXFileReference; explicitFileType = wrapper.application; includeInIndex = 0; path = "WFerrovias Watch App.app"; sourceTree = BUILT_PRODUCTS_DIR; };
		DDD4CB1B2C02963B001B51CD /* WFerroviasApp.swift */ = {isa = PBXFileReference; lastKnownFileType = sourcecode.swift; path = WFerroviasApp.swift; sourceTree = "<group>"; };
		DDD4CB1D2C02963B001B51CD /* ContentView.swift */ = {isa = PBXFileReference; lastKnownFileType = sourcecode.swift; path = ContentView.swift; sourceTree = "<group>"; };
		DDD4CB1F2C02963C001B51CD /* Assets.xcassets */ = {isa = PBXFileReference; lastKnownFileType = folder.assetcatalog; path = Assets.xcassets; sourceTree = "<group>"; };
		DDD4CB222C02963C001B51CD /* Preview Assets.xcassets */ = {isa = PBXFileReference; lastKnownFileType = folder.assetcatalog; path = "Preview Assets.xcassets"; sourceTree = "<group>"; };
		DDD4CB282C02963D001B51CD /* WFerrovias Watch AppTests.xctest */ = {isa = PBXFileReference; explicitFileType = wrapper.cfbundle; includeInIndex = 0; path = "WFerrovias Watch AppTests.xctest"; sourceTree = BUILT_PRODUCTS_DIR; };
		DDD4CB2C2C02963D001B51CD /* WFerrovias_Watch_AppTests.swift */ = {isa = PBXFileReference; lastKnownFileType = sourcecode.swift; path = WFerrovias_Watch_AppTests.swift; sourceTree = "<group>"; };
		DDD4CB322C02963D001B51CD /* WFerrovias Watch AppUITests.xctest */ = {isa = PBXFileReference; explicitFileType = wrapper.cfbundle; includeInIndex = 0; path = "WFerrovias Watch AppUITests.xctest"; sourceTree = BUILT_PRODUCTS_DIR; };
		DDD4CB362C02963D001B51CD /* WFerrovias_Watch_AppUITests.swift */ = {isa = PBXFileReference; lastKnownFileType = sourcecode.swift; path = WFerrovias_Watch_AppUITests.swift; sourceTree = "<group>"; };
		DDD4CB382C02963D001B51CD /* WFerrovias_Watch_AppUITestsLaunchTests.swift */ = {isa = PBXFileReference; lastKnownFileType = sourcecode.swift; path = WFerrovias_Watch_AppUITestsLaunchTests.swift; sourceTree = "<group>"; };
		DDD4CB482C02A152001B51CD /* WFerrovias-Watch-App-Info.plist */ = {isa = PBXFileReference; lastKnownFileType = text.plist; path = "WFerrovias-Watch-App-Info.plist"; sourceTree = SOURCE_ROOT; };
		DDF760B02BF7FCED0028E846 /* Ferrovias.app */ = {isa = PBXFileReference; explicitFileType = wrapper.application; includeInIndex = 0; path = Ferrovias.app; sourceTree = BUILT_PRODUCTS_DIR; };
		DDF760B32BF7FCED0028E846 /* FerroviasApp.swift */ = {isa = PBXFileReference; lastKnownFileType = sourcecode.swift; path = FerroviasApp.swift; sourceTree = "<group>"; };
		DDF760B52BF7FCED0028E846 /* ContentView.swift */ = {isa = PBXFileReference; lastKnownFileType = sourcecode.swift; path = ContentView.swift; sourceTree = "<group>"; };
		DDF760B72BF7FCEF0028E846 /* Assets.xcassets */ = {isa = PBXFileReference; lastKnownFileType = folder.assetcatalog; path = Assets.xcassets; sourceTree = "<group>"; };
		DDF760BA2BF7FCEF0028E846 /* Preview Assets.xcassets */ = {isa = PBXFileReference; lastKnownFileType = folder.assetcatalog; path = "Preview Assets.xcassets"; sourceTree = "<group>"; };
		DDF760C02BF7FCEF0028E846 /* FerroviasTests.xctest */ = {isa = PBXFileReference; explicitFileType = wrapper.cfbundle; includeInIndex = 0; path = FerroviasTests.xctest; sourceTree = BUILT_PRODUCTS_DIR; };
		DDF760C42BF7FCEF0028E846 /* FerroviasTests.swift */ = {isa = PBXFileReference; lastKnownFileType = sourcecode.swift; path = FerroviasTests.swift; sourceTree = "<group>"; };
		DDF760CA2BF7FCEF0028E846 /* FerroviasUITests.xctest */ = {isa = PBXFileReference; explicitFileType = wrapper.cfbundle; includeInIndex = 0; path = FerroviasUITests.xctest; sourceTree = BUILT_PRODUCTS_DIR; };
		DDF760CE2BF7FCEF0028E846 /* FerroviasUITests.swift */ = {isa = PBXFileReference; lastKnownFileType = sourcecode.swift; path = FerroviasUITests.swift; sourceTree = "<group>"; };
		DDF760D02BF7FCEF0028E846 /* FerroviasUITestsLaunchTests.swift */ = {isa = PBXFileReference; lastKnownFileType = sourcecode.swift; path = FerroviasUITestsLaunchTests.swift; sourceTree = "<group>"; };
/* End PBXFileReference section */

/* Begin PBXFrameworksBuildPhase section */
		DDD4CB162C02963B001B51CD /* Frameworks */ = {
			isa = PBXFrameworksBuildPhase;
			buildActionMask = 2147483647;
			files = (
				DDD4CB472C0296AE001B51CD /* SwiftSoup in Frameworks */,
			);
			runOnlyForDeploymentPostprocessing = 0;
		};
		DDD4CB252C02963D001B51CD /* Frameworks */ = {
			isa = PBXFrameworksBuildPhase;
			buildActionMask = 2147483647;
			files = (
			);
			runOnlyForDeploymentPostprocessing = 0;
		};
		DDD4CB2F2C02963D001B51CD /* Frameworks */ = {
			isa = PBXFrameworksBuildPhase;
			buildActionMask = 2147483647;
			files = (
			);
			runOnlyForDeploymentPostprocessing = 0;
		};
		DDF760AD2BF7FCED0028E846 /* Frameworks */ = {
			isa = PBXFrameworksBuildPhase;
			buildActionMask = 2147483647;
			files = (
				DD7087C32C02AF5200B93351 /* Pods_Ferrovias.framework in Frameworks */,
			);
			runOnlyForDeploymentPostprocessing = 0;
		};
		DDF760BD2BF7FCEF0028E846 /* Frameworks */ = {
			isa = PBXFrameworksBuildPhase;
			buildActionMask = 2147483647;
			files = (
				6A7355FFC72BADDD54D44E25 /* Pods_FerroviasTests.framework in Frameworks */,
			);
			runOnlyForDeploymentPostprocessing = 0;
		};
		DDF760C72BF7FCEF0028E846 /* Frameworks */ = {
			isa = PBXFrameworksBuildPhase;
			buildActionMask = 2147483647;
			files = (
				DDA1B1FFAF84DBA7928A45FA /* Pods_Ferrovias_FerroviasUITests.framework in Frameworks */,
			);
			runOnlyForDeploymentPostprocessing = 0;
		};
/* End PBXFrameworksBuildPhase section */

/* Begin PBXGroup section */
		6342085A363D2FD56E1B0C7A /* Frameworks */ = {
			isa = PBXGroup;
			children = (
				19EAE2E99A674B53CF19F80F /* Pods_Ferrovias.framework */,
				21CE57BC60370A83BD97C1D2 /* Pods_Ferrovias_FerroviasUITests.framework */,
				5CD991D4CB88F281F5D9937E /* Pods_FerroviasTests.framework */,
			);
			name = Frameworks;
			sourceTree = "<group>";
		};
		DDD4CB1A2C02963B001B51CD /* WFerrovias Watch App */ = {
			isa = PBXGroup;
			children = (
				DDD4CB482C02A152001B51CD /* WFerrovias-Watch-App-Info.plist */,
				DDD4CB1B2C02963B001B51CD /* WFerroviasApp.swift */,
				DDD4CB1D2C02963B001B51CD /* ContentView.swift */,
				DDD4CB1F2C02963C001B51CD /* Assets.xcassets */,
				DDD4CB212C02963C001B51CD /* Preview Content */,
			);
			path = "WFerrovias Watch App";
			sourceTree = "<group>";
		};
		DDD4CB212C02963C001B51CD /* Preview Content */ = {
			isa = PBXGroup;
			children = (
				DDD4CB222C02963C001B51CD /* Preview Assets.xcassets */,
			);
			path = "Preview Content";
			sourceTree = "<group>";
		};
		DDD4CB2B2C02963D001B51CD /* WFerrovias Watch AppTests */ = {
			isa = PBXGroup;
			children = (
				DDD4CB2C2C02963D001B51CD /* WFerrovias_Watch_AppTests.swift */,
			);
			path = "WFerrovias Watch AppTests";
			sourceTree = "<group>";
		};
		DDD4CB352C02963D001B51CD /* WFerrovias Watch AppUITests */ = {
			isa = PBXGroup;
			children = (
				DDD4CB362C02963D001B51CD /* WFerrovias_Watch_AppUITests.swift */,
				DDD4CB382C02963D001B51CD /* WFerrovias_Watch_AppUITestsLaunchTests.swift */,
			);
			path = "WFerrovias Watch AppUITests";
			sourceTree = "<group>";
		};
		DDF760A72BF7FCED0028E846 = {
			isa = PBXGroup;
			children = (
				DDF760B22BF7FCED0028E846 /* Ferrovias */,
				DDF760C32BF7FCEF0028E846 /* FerroviasTests */,
				DDF760CD2BF7FCEF0028E846 /* FerroviasUITests */,
				DDD4CB1A2C02963B001B51CD /* WFerrovias Watch App */,
				DDD4CB2B2C02963D001B51CD /* WFerrovias Watch AppTests */,
				DDD4CB352C02963D001B51CD /* WFerrovias Watch AppUITests */,
				DDF760B12BF7FCED0028E846 /* Products */,
				DEBF3CCB36CB2A14D5BD00A4 /* Pods */,
				6342085A363D2FD56E1B0C7A /* Frameworks */,
			);
			sourceTree = "<group>";
		};
		DDF760B12BF7FCED0028E846 /* Products */ = {
			isa = PBXGroup;
			children = (
				DDF760B02BF7FCED0028E846 /* Ferrovias.app */,
				DDF760C02BF7FCEF0028E846 /* FerroviasTests.xctest */,
				DDF760CA2BF7FCEF0028E846 /* FerroviasUITests.xctest */,
				DDD4CB192C02963B001B51CD /* WFerrovias Watch App.app */,
				DDD4CB282C02963D001B51CD /* WFerrovias Watch AppTests.xctest */,
				DDD4CB322C02963D001B51CD /* WFerrovias Watch AppUITests.xctest */,
			);
			name = Products;
			sourceTree = "<group>";
		};
		DDF760B22BF7FCED0028E846 /* Ferrovias */ = {
			isa = PBXGroup;
			children = (
				DD900DBB2BF806B300F5984B /* Info.plist */,
				DDF760B32BF7FCED0028E846 /* FerroviasApp.swift */,
				DDF760B52BF7FCED0028E846 /* ContentView.swift */,
				DDF760B72BF7FCEF0028E846 /* Assets.xcassets */,
				DDF760B92BF7FCEF0028E846 /* Preview Content */,
			);
			path = Ferrovias;
			sourceTree = "<group>";
		};
		DDF760B92BF7FCEF0028E846 /* Preview Content */ = {
			isa = PBXGroup;
			children = (
				DDF760BA2BF7FCEF0028E846 /* Preview Assets.xcassets */,
			);
			path = "Preview Content";
			sourceTree = "<group>";
		};
		DDF760C32BF7FCEF0028E846 /* FerroviasTests */ = {
			isa = PBXGroup;
			children = (
				DDF760C42BF7FCEF0028E846 /* FerroviasTests.swift */,
			);
			path = FerroviasTests;
			sourceTree = "<group>";
		};
		DDF760CD2BF7FCEF0028E846 /* FerroviasUITests */ = {
			isa = PBXGroup;
			children = (
				DDF760CE2BF7FCEF0028E846 /* FerroviasUITests.swift */,
				DDF760D02BF7FCEF0028E846 /* FerroviasUITestsLaunchTests.swift */,
			);
			path = FerroviasUITests;
			sourceTree = "<group>";
		};
		DEBF3CCB36CB2A14D5BD00A4 /* Pods */ = {
			isa = PBXGroup;
			children = (
				1B850BDFA34C9E8EF2CDD8F7 /* Pods-Ferrovias.debug.xcconfig */,
				9C308F9F486F5F00E2B5D7D3 /* Pods-Ferrovias.release.xcconfig */,
				94E6FF3E3337E8B1E1EE10FE /* Pods-Ferrovias-FerroviasUITests.debug.xcconfig */,
				B33030CCB07D7311AA651B08 /* Pods-Ferrovias-FerroviasUITests.release.xcconfig */,
				18BA9635BE9E24370C7CF24F /* Pods-FerroviasTests.debug.xcconfig */,
				398F50F6C597BD0D93E7B931 /* Pods-FerroviasTests.release.xcconfig */,
			);
			path = Pods;
			sourceTree = "<group>";
		};
/* End PBXGroup section */

/* Begin PBXNativeTarget section */
		DDD4CB182C02963B001B51CD /* WFerrovias Watch App */ = {
			isa = PBXNativeTarget;
			buildConfigurationList = DDD4CB3D2C02963D001B51CD /* Build configuration list for PBXNativeTarget "WFerrovias Watch App" */;
			buildPhases = (
				DDD4CB152C02963B001B51CD /* Sources */,
				DDD4CB162C02963B001B51CD /* Frameworks */,
				DDD4CB172C02963B001B51CD /* Resources */,
			);
			buildRules = (
			);
			dependencies = (
			);
			name = "WFerrovias Watch App";
			packageProductDependencies = (
				DDD4CB462C0296AE001B51CD /* SwiftSoup */,
			);
			productName = "WFerrovias Watch App";
			productReference = DDD4CB192C02963B001B51CD /* WFerrovias Watch App.app */;
			productType = "com.apple.product-type.application";
		};
		DDD4CB272C02963D001B51CD /* WFerrovias Watch AppTests */ = {
			isa = PBXNativeTarget;
			buildConfigurationList = DDD4CB402C02963D001B51CD /* Build configuration list for PBXNativeTarget "WFerrovias Watch AppTests" */;
			buildPhases = (
				DDD4CB242C02963D001B51CD /* Sources */,
				DDD4CB252C02963D001B51CD /* Frameworks */,
				DDD4CB262C02963D001B51CD /* Resources */,
			);
			buildRules = (
			);
			dependencies = (
				DDD4CB2A2C02963D001B51CD /* PBXTargetDependency */,
			);
			name = "WFerrovias Watch AppTests";
			productName = "WFerrovias Watch AppTests";
			productReference = DDD4CB282C02963D001B51CD /* WFerrovias Watch AppTests.xctest */;
			productType = "com.apple.product-type.bundle.unit-test";
		};
		DDD4CB312C02963D001B51CD /* WFerrovias Watch AppUITests */ = {
			isa = PBXNativeTarget;
			buildConfigurationList = DDD4CB432C02963D001B51CD /* Build configuration list for PBXNativeTarget "WFerrovias Watch AppUITests" */;
			buildPhases = (
				DDD4CB2E2C02963D001B51CD /* Sources */,
				DDD4CB2F2C02963D001B51CD /* Frameworks */,
				DDD4CB302C02963D001B51CD /* Resources */,
			);
			buildRules = (
			);
			dependencies = (
				DDD4CB342C02963D001B51CD /* PBXTargetDependency */,
			);
			name = "WFerrovias Watch AppUITests";
			productName = "WFerrovias Watch AppUITests";
			productReference = DDD4CB322C02963D001B51CD /* WFerrovias Watch AppUITests.xctest */;
			productType = "com.apple.product-type.bundle.ui-testing";
		};
		DDF760AF2BF7FCED0028E846 /* Ferrovias */ = {
			isa = PBXNativeTarget;
			buildConfigurationList = DDF760D42BF7FCEF0028E846 /* Build configuration list for PBXNativeTarget "Ferrovias" */;
			buildPhases = (
				A3C37A78C2BF918B6F1FE086 /* [CP] Check Pods Manifest.lock */,
				DDF760AC2BF7FCED0028E846 /* Sources */,
				DDF760AD2BF7FCED0028E846 /* Frameworks */,
				DDF760AE2BF7FCED0028E846 /* Resources */,
				B422E183A19A26287BF37FCE /* [CP] Embed Pods Frameworks */,
				DD7087C52C02AF5200B93351 /* Embed Frameworks */,
			);
			buildRules = (
			);
			dependencies = (
			);
			name = Ferrovias;
			productName = Ferrovias;
			productReference = DDF760B02BF7FCED0028E846 /* Ferrovias.app */;
			productType = "com.apple.product-type.application";
		};
		DDF760BF2BF7FCEF0028E846 /* FerroviasTests */ = {
			isa = PBXNativeTarget;
			buildConfigurationList = DDF760D72BF7FCEF0028E846 /* Build configuration list for PBXNativeTarget "FerroviasTests" */;
			buildPhases = (
				DDC9429A02C6C25D861A151A /* [CP] Check Pods Manifest.lock */,
				DDF760BC2BF7FCEF0028E846 /* Sources */,
				DDF760BD2BF7FCEF0028E846 /* Frameworks */,
				DDF760BE2BF7FCEF0028E846 /* Resources */,
			);
			buildRules = (
			);
			dependencies = (
				DDF760C22BF7FCEF0028E846 /* PBXTargetDependency */,
			);
			name = FerroviasTests;
			productName = FerroviasTests;
			productReference = DDF760C02BF7FCEF0028E846 /* FerroviasTests.xctest */;
			productType = "com.apple.product-type.bundle.unit-test";
		};
		DDF760C92BF7FCEF0028E846 /* FerroviasUITests */ = {
			isa = PBXNativeTarget;
			buildConfigurationList = DDF760DA2BF7FCEF0028E846 /* Build configuration list for PBXNativeTarget "FerroviasUITests" */;
			buildPhases = (
				3A87B33EB88F54F7C299DEF4 /* [CP] Check Pods Manifest.lock */,
				DDF760C62BF7FCEF0028E846 /* Sources */,
				DDF760C72BF7FCEF0028E846 /* Frameworks */,
				DDF760C82BF7FCEF0028E846 /* Resources */,
				0C20C75C83C3D65C9C536FF4 /* [CP] Embed Pods Frameworks */,
			);
			buildRules = (
			);
			dependencies = (
				DDF760CC2BF7FCEF0028E846 /* PBXTargetDependency */,
			);
			name = FerroviasUITests;
			productName = FerroviasUITests;
			productReference = DDF760CA2BF7FCEF0028E846 /* FerroviasUITests.xctest */;
			productType = "com.apple.product-type.bundle.ui-testing";
		};
/* End PBXNativeTarget section */

/* Begin PBXProject section */
		DDF760A82BF7FCED0028E846 /* Project object */ = {
			isa = PBXProject;
			attributes = {
				BuildIndependentTargetsInParallel = 1;
				LastSwiftUpdateCheck = 1540;
				LastUpgradeCheck = 1540;
				TargetAttributes = {
					DDD4CB182C02963B001B51CD = {
						CreatedOnToolsVersion = 15.4;
					};
					DDD4CB272C02963D001B51CD = {
						CreatedOnToolsVersion = 15.4;
						TestTargetID = DDD4CB182C02963B001B51CD;
					};
					DDD4CB312C02963D001B51CD = {
						CreatedOnToolsVersion = 15.4;
						TestTargetID = DDD4CB182C02963B001B51CD;
					};
					DDF760AF2BF7FCED0028E846 = {
						CreatedOnToolsVersion = 15.4;
					};
					DDF760BF2BF7FCEF0028E846 = {
						CreatedOnToolsVersion = 15.4;
						TestTargetID = DDF760AF2BF7FCED0028E846;
					};
					DDF760C92BF7FCEF0028E846 = {
						CreatedOnToolsVersion = 15.4;
						TestTargetID = DDF760AF2BF7FCED0028E846;
					};
				};
			};
			buildConfigurationList = DDF760AB2BF7FCED0028E846 /* Build configuration list for PBXProject "Ferrovias" */;
			compatibilityVersion = "Xcode 14.0";
			developmentRegion = en;
			hasScannedForEncodings = 0;
			knownRegions = (
				en,
				Base,
			);
			mainGroup = DDF760A72BF7FCED0028E846;
			packageReferences = (
				DDF760DD2BF7FD710028E846 /* XCRemoteSwiftPackageReference "SwiftSoup" */,
			);
			productRefGroup = DDF760B12BF7FCED0028E846 /* Products */;
			projectDirPath = "";
			projectRoot = "";
			targets = (
				DDF760AF2BF7FCED0028E846 /* Ferrovias */,
				DDF760BF2BF7FCEF0028E846 /* FerroviasTests */,
				DDF760C92BF7FCEF0028E846 /* FerroviasUITests */,
				DDD4CB182C02963B001B51CD /* WFerrovias Watch App */,
				DDD4CB272C02963D001B51CD /* WFerrovias Watch AppTests */,
				DDD4CB312C02963D001B51CD /* WFerrovias Watch AppUITests */,
			);
		};
/* End PBXProject section */

/* Begin PBXResourcesBuildPhase section */
		DDD4CB172C02963B001B51CD /* Resources */ = {
			isa = PBXResourcesBuildPhase;
			buildActionMask = 2147483647;
			files = (
				DDD4CB232C02963C001B51CD /* Preview Assets.xcassets in Resources */,
				DDD4CB202C02963C001B51CD /* Assets.xcassets in Resources */,
			);
			runOnlyForDeploymentPostprocessing = 0;
		};
		DDD4CB262C02963D001B51CD /* Resources */ = {
			isa = PBXResourcesBuildPhase;
			buildActionMask = 2147483647;
			files = (
			);
			runOnlyForDeploymentPostprocessing = 0;
		};
		DDD4CB302C02963D001B51CD /* Resources */ = {
			isa = PBXResourcesBuildPhase;
			buildActionMask = 2147483647;
			files = (
			);
			runOnlyForDeploymentPostprocessing = 0;
		};
		DDF760AE2BF7FCED0028E846 /* Resources */ = {
			isa = PBXResourcesBuildPhase;
			buildActionMask = 2147483647;
			files = (
				DDF760BB2BF7FCEF0028E846 /* Preview Assets.xcassets in Resources */,
				DDF760B82BF7FCEF0028E846 /* Assets.xcassets in Resources */,
			);
			runOnlyForDeploymentPostprocessing = 0;
		};
		DDF760BE2BF7FCEF0028E846 /* Resources */ = {
			isa = PBXResourcesBuildPhase;
			buildActionMask = 2147483647;
			files = (
			);
			runOnlyForDeploymentPostprocessing = 0;
		};
		DDF760C82BF7FCEF0028E846 /* Resources */ = {
			isa = PBXResourcesBuildPhase;
			buildActionMask = 2147483647;
			files = (
			);
			runOnlyForDeploymentPostprocessing = 0;
		};
/* End PBXResourcesBuildPhase section */

/* Begin PBXShellScriptBuildPhase section */
		0C20C75C83C3D65C9C536FF4 /* [CP] Embed Pods Frameworks */ = {
			isa = PBXShellScriptBuildPhase;
			buildActionMask = 2147483647;
			files = (
			);
			inputFileListPaths = (
				"${PODS_ROOT}/Target Support Files/Pods-Ferrovias-FerroviasUITests/Pods-Ferrovias-FerroviasUITests-frameworks-${CONFIGURATION}-input-files.xcfilelist",
			);
			name = "[CP] Embed Pods Frameworks";
			outputFileListPaths = (
				"${PODS_ROOT}/Target Support Files/Pods-Ferrovias-FerroviasUITests/Pods-Ferrovias-FerroviasUITests-frameworks-${CONFIGURATION}-output-files.xcfilelist",
			);
			runOnlyForDeploymentPostprocessing = 0;
			shellPath = /bin/sh;
			shellScript = "\"${PODS_ROOT}/Target Support Files/Pods-Ferrovias-FerroviasUITests/Pods-Ferrovias-FerroviasUITests-frameworks.sh\"\n";
			showEnvVarsInLog = 0;
		};
		3A87B33EB88F54F7C299DEF4 /* [CP] Check Pods Manifest.lock */ = {
			isa = PBXShellScriptBuildPhase;
			buildActionMask = 2147483647;
			files = (
			);
			inputFileListPaths = (
			);
			inputPaths = (
				"${PODS_PODFILE_DIR_PATH}/Podfile.lock",
				"${PODS_ROOT}/Manifest.lock",
			);
			name = "[CP] Check Pods Manifest.lock";
			outputFileListPaths = (
			);
			outputPaths = (
				"$(DERIVED_FILE_DIR)/Pods-Ferrovias-FerroviasUITests-checkManifestLockResult.txt",
			);
			runOnlyForDeploymentPostprocessing = 0;
			shellPath = /bin/sh;
			shellScript = "diff \"${PODS_PODFILE_DIR_PATH}/Podfile.lock\" \"${PODS_ROOT}/Manifest.lock\" > /dev/null\nif [ $? != 0 ] ; then\n    # print error to STDERR\n    echo \"error: The sandbox is not in sync with the Podfile.lock. Run 'pod install' or update your CocoaPods installation.\" >&2\n    exit 1\nfi\n# This output is used by Xcode 'outputs' to avoid re-running this script phase.\necho \"SUCCESS\" > \"${SCRIPT_OUTPUT_FILE_0}\"\n";
			showEnvVarsInLog = 0;
		};
		A3C37A78C2BF918B6F1FE086 /* [CP] Check Pods Manifest.lock */ = {
			isa = PBXShellScriptBuildPhase;
			buildActionMask = 2147483647;
			files = (
			);
			inputFileListPaths = (
			);
			inputPaths = (
				"${PODS_PODFILE_DIR_PATH}/Podfile.lock",
				"${PODS_ROOT}/Manifest.lock",
			);
			name = "[CP] Check Pods Manifest.lock";
			outputFileListPaths = (
			);
			outputPaths = (
				"$(DERIVED_FILE_DIR)/Pods-Ferrovias-checkManifestLockResult.txt",
			);
			runOnlyForDeploymentPostprocessing = 0;
			shellPath = /bin/sh;
			shellScript = "diff \"${PODS_PODFILE_DIR_PATH}/Podfile.lock\" \"${PODS_ROOT}/Manifest.lock\" > /dev/null\nif [ $? != 0 ] ; then\n    # print error to STDERR\n    echo \"error: The sandbox is not in sync with the Podfile.lock. Run 'pod install' or update your CocoaPods installation.\" >&2\n    exit 1\nfi\n# This output is used by Xcode 'outputs' to avoid re-running this script phase.\necho \"SUCCESS\" > \"${SCRIPT_OUTPUT_FILE_0}\"\n";
			showEnvVarsInLog = 0;
		};
		B422E183A19A26287BF37FCE /* [CP] Embed Pods Frameworks */ = {
			isa = PBXShellScriptBuildPhase;
			buildActionMask = 2147483647;
			files = (
			);
			inputFileListPaths = (
				"${PODS_ROOT}/Target Support Files/Pods-Ferrovias/Pods-Ferrovias-frameworks-${CONFIGURATION}-input-files.xcfilelist",
			);
			name = "[CP] Embed Pods Frameworks";
			outputFileListPaths = (
				"${PODS_ROOT}/Target Support Files/Pods-Ferrovias/Pods-Ferrovias-frameworks-${CONFIGURATION}-output-files.xcfilelist",
			);
			runOnlyForDeploymentPostprocessing = 0;
			shellPath = /bin/sh;
			shellScript = "\"${PODS_ROOT}/Target Support Files/Pods-Ferrovias/Pods-Ferrovias-frameworks.sh\"\n";
			showEnvVarsInLog = 0;
		};
		DDC9429A02C6C25D861A151A /* [CP] Check Pods Manifest.lock */ = {
			isa = PBXShellScriptBuildPhase;
			buildActionMask = 2147483647;
			files = (
			);
			inputFileListPaths = (
			);
			inputPaths = (
				"${PODS_PODFILE_DIR_PATH}/Podfile.lock",
				"${PODS_ROOT}/Manifest.lock",
			);
			name = "[CP] Check Pods Manifest.lock";
			outputFileListPaths = (
			);
			outputPaths = (
				"$(DERIVED_FILE_DIR)/Pods-FerroviasTests-checkManifestLockResult.txt",
			);
			runOnlyForDeploymentPostprocessing = 0;
			shellPath = /bin/sh;
			shellScript = "diff \"${PODS_PODFILE_DIR_PATH}/Podfile.lock\" \"${PODS_ROOT}/Manifest.lock\" > /dev/null\nif [ $? != 0 ] ; then\n    # print error to STDERR\n    echo \"error: The sandbox is not in sync with the Podfile.lock. Run 'pod install' or update your CocoaPods installation.\" >&2\n    exit 1\nfi\n# This output is used by Xcode 'outputs' to avoid re-running this script phase.\necho \"SUCCESS\" > \"${SCRIPT_OUTPUT_FILE_0}\"\n";
			showEnvVarsInLog = 0;
		};
/* End PBXShellScriptBuildPhase section */

/* Begin PBXSourcesBuildPhase section */
		DDD4CB152C02963B001B51CD /* Sources */ = {
			isa = PBXSourcesBuildPhase;
			buildActionMask = 2147483647;
			files = (
				DDD4CB1E2C02963B001B51CD /* ContentView.swift in Sources */,
				DDD4CB1C2C02963B001B51CD /* WFerroviasApp.swift in Sources */,
			);
			runOnlyForDeploymentPostprocessing = 0;
		};
		DDD4CB242C02963D001B51CD /* Sources */ = {
			isa = PBXSourcesBuildPhase;
			buildActionMask = 2147483647;
			files = (
				DDD4CB2D2C02963D001B51CD /* WFerrovias_Watch_AppTests.swift in Sources */,
			);
			runOnlyForDeploymentPostprocessing = 0;
		};
		DDD4CB2E2C02963D001B51CD /* Sources */ = {
			isa = PBXSourcesBuildPhase;
			buildActionMask = 2147483647;
			files = (
				DDD4CB392C02963D001B51CD /* WFerrovias_Watch_AppUITestsLaunchTests.swift in Sources */,
				DDD4CB372C02963D001B51CD /* WFerrovias_Watch_AppUITests.swift in Sources */,
			);
			runOnlyForDeploymentPostprocessing = 0;
		};
		DDF760AC2BF7FCED0028E846 /* Sources */ = {
			isa = PBXSourcesBuildPhase;
			buildActionMask = 2147483647;
			files = (
				DDF760B62BF7FCED0028E846 /* ContentView.swift in Sources */,
				DDF760B42BF7FCED0028E846 /* FerroviasApp.swift in Sources */,
			);
			runOnlyForDeploymentPostprocessing = 0;
		};
		DDF760BC2BF7FCEF0028E846 /* Sources */ = {
			isa = PBXSourcesBuildPhase;
			buildActionMask = 2147483647;
			files = (
				DDF760C52BF7FCEF0028E846 /* FerroviasTests.swift in Sources */,
			);
			runOnlyForDeploymentPostprocessing = 0;
		};
		DDF760C62BF7FCEF0028E846 /* Sources */ = {
			isa = PBXSourcesBuildPhase;
			buildActionMask = 2147483647;
			files = (
				DDF760D12BF7FCEF0028E846 /* FerroviasUITestsLaunchTests.swift in Sources */,
				DDF760CF2BF7FCEF0028E846 /* FerroviasUITests.swift in Sources */,
			);
			runOnlyForDeploymentPostprocessing = 0;
		};
/* End PBXSourcesBuildPhase section */

/* Begin PBXTargetDependency section */
		DDD4CB2A2C02963D001B51CD /* PBXTargetDependency */ = {
			isa = PBXTargetDependency;
			target = DDD4CB182C02963B001B51CD /* WFerrovias Watch App */;
			targetProxy = DDD4CB292C02963D001B51CD /* PBXContainerItemProxy */;
		};
		DDD4CB342C02963D001B51CD /* PBXTargetDependency */ = {
			isa = PBXTargetDependency;
			target = DDD4CB182C02963B001B51CD /* WFerrovias Watch App */;
			targetProxy = DDD4CB332C02963D001B51CD /* PBXContainerItemProxy */;
		};
		DDF760C22BF7FCEF0028E846 /* PBXTargetDependency */ = {
			isa = PBXTargetDependency;
			target = DDF760AF2BF7FCED0028E846 /* Ferrovias */;
			targetProxy = DDF760C12BF7FCEF0028E846 /* PBXContainerItemProxy */;
		};
		DDF760CC2BF7FCEF0028E846 /* PBXTargetDependency */ = {
			isa = PBXTargetDependency;
			target = DDF760AF2BF7FCED0028E846 /* Ferrovias */;
			targetProxy = DDF760CB2BF7FCEF0028E846 /* PBXContainerItemProxy */;
		};
/* End PBXTargetDependency section */

/* Begin XCBuildConfiguration section */
		DDD4CB3E2C02963D001B51CD /* Debug */ = {
			isa = XCBuildConfiguration;
			buildSettings = {
				ASSETCATALOG_COMPILER_APPICON_NAME = AppIcon;
				ASSETCATALOG_COMPILER_GLOBAL_ACCENT_COLOR_NAME = AccentColor;
				CODE_SIGN_STYLE = Automatic;
				CURRENT_PROJECT_VERSION = 1;
				DEVELOPMENT_ASSET_PATHS = "";
				DEVELOPMENT_TEAM = 73D7XMRQAB;
				ENABLE_PREVIEWS = YES;
				ENABLE_USER_SCRIPT_SANDBOXING = YES;
				GENERATE_INFOPLIST_FILE = YES;
				INFOPLIST_FILE = "WFerrovias-Watch-App-Info.plist";
				INFOPLIST_KEY_CFBundleDisplayName = WFerrovias;
				INFOPLIST_KEY_UISupportedInterfaceOrientations = "UIInterfaceOrientationPortrait UIInterfaceOrientationPortraitUpsideDown";
				INFOPLIST_KEY_WKCompanionAppBundleIdentifier = defee.Ferrovias;
				INFOPLIST_KEY_WKRunsIndependentlyOfCompanionApp = YES;
				LD_RUNPATH_SEARCH_PATHS = (
					"$(inherited)",
					"@executable_path/Frameworks",
				);
				MARKETING_VERSION = 1.0;
				PRODUCT_BUNDLE_IDENTIFIER = defee.Ferrovias.watchkitapp;
				PRODUCT_NAME = "$(TARGET_NAME)";
				SDKROOT = watchos;
				SKIP_INSTALL = YES;
				SWIFT_EMIT_LOC_STRINGS = YES;
				SWIFT_VERSION = 5.0;
				TARGETED_DEVICE_FAMILY = 4;
				WATCHOS_DEPLOYMENT_TARGET = 10.5;
			};
			name = Debug;
		};
		DDD4CB3F2C02963D001B51CD /* Release */ = {
			isa = XCBuildConfiguration;
			buildSettings = {
				ASSETCATALOG_COMPILER_APPICON_NAME = AppIcon;
				ASSETCATALOG_COMPILER_GLOBAL_ACCENT_COLOR_NAME = AccentColor;
				CODE_SIGN_STYLE = Automatic;
				CURRENT_PROJECT_VERSION = 1;
				DEVELOPMENT_ASSET_PATHS = "";
				DEVELOPMENT_TEAM = 73D7XMRQAB;
				ENABLE_PREVIEWS = YES;
				ENABLE_USER_SCRIPT_SANDBOXING = YES;
				GENERATE_INFOPLIST_FILE = YES;
				INFOPLIST_FILE = "WFerrovias-Watch-App-Info.plist";
				INFOPLIST_KEY_CFBundleDisplayName = WFerrovias;
				INFOPLIST_KEY_UISupportedInterfaceOrientations = "UIInterfaceOrientationPortrait UIInterfaceOrientationPortraitUpsideDown";
				INFOPLIST_KEY_WKCompanionAppBundleIdentifier = defee.Ferrovias;
				INFOPLIST_KEY_WKRunsIndependentlyOfCompanionApp = YES;
				LD_RUNPATH_SEARCH_PATHS = (
					"$(inherited)",
					"@executable_path/Frameworks",
				);
				MARKETING_VERSION = 1.0;
				PRODUCT_BUNDLE_IDENTIFIER = defee.Ferrovias.watchkitapp;
				PRODUCT_NAME = "$(TARGET_NAME)";
				SDKROOT = watchos;
				SKIP_INSTALL = YES;
				SWIFT_EMIT_LOC_STRINGS = YES;
				SWIFT_VERSION = 5.0;
				TARGETED_DEVICE_FAMILY = 4;
				WATCHOS_DEPLOYMENT_TARGET = 10.5;
			};
			name = Release;
		};
		DDD4CB412C02963D001B51CD /* Debug */ = {
			isa = XCBuildConfiguration;
			buildSettings = {
				ALWAYS_EMBED_SWIFT_STANDARD_LIBRARIES = YES;
				BUNDLE_LOADER = "$(TEST_HOST)";
				CODE_SIGN_STYLE = Automatic;
				CURRENT_PROJECT_VERSION = 1;
				DEVELOPMENT_TEAM = 73D7XMRQAB;
				ENABLE_USER_SCRIPT_SANDBOXING = YES;
				GENERATE_INFOPLIST_FILE = YES;
				MARKETING_VERSION = 1.0;
				PRODUCT_BUNDLE_IDENTIFIER = "defee.WFerrovias-Watch-AppTests";
				PRODUCT_NAME = "$(TARGET_NAME)";
				SDKROOT = watchos;
				SWIFT_EMIT_LOC_STRINGS = NO;
				SWIFT_VERSION = 5.0;
				TARGETED_DEVICE_FAMILY = 4;
				TEST_HOST = "$(BUILT_PRODUCTS_DIR)/WFerrovias Watch App.app/$(BUNDLE_EXECUTABLE_FOLDER_PATH)/WFerrovias Watch App";
				WATCHOS_DEPLOYMENT_TARGET = 10.5;
			};
			name = Debug;
		};
		DDD4CB422C02963D001B51CD /* Release */ = {
			isa = XCBuildConfiguration;
			buildSettings = {
				ALWAYS_EMBED_SWIFT_STANDARD_LIBRARIES = YES;
				BUNDLE_LOADER = "$(TEST_HOST)";
				CODE_SIGN_STYLE = Automatic;
				CURRENT_PROJECT_VERSION = 1;
				DEVELOPMENT_TEAM = 73D7XMRQAB;
				ENABLE_USER_SCRIPT_SANDBOXING = YES;
				GENERATE_INFOPLIST_FILE = YES;
				MARKETING_VERSION = 1.0;
				PRODUCT_BUNDLE_IDENTIFIER = "defee.WFerrovias-Watch-AppTests";
				PRODUCT_NAME = "$(TARGET_NAME)";
				SDKROOT = watchos;
				SWIFT_EMIT_LOC_STRINGS = NO;
				SWIFT_VERSION = 5.0;
				TARGETED_DEVICE_FAMILY = 4;
				TEST_HOST = "$(BUILT_PRODUCTS_DIR)/WFerrovias Watch App.app/$(BUNDLE_EXECUTABLE_FOLDER_PATH)/WFerrovias Watch App";
				WATCHOS_DEPLOYMENT_TARGET = 10.5;
			};
			name = Release;
		};
		DDD4CB442C02963D001B51CD /* Debug */ = {
			isa = XCBuildConfiguration;
			buildSettings = {
				ALWAYS_EMBED_SWIFT_STANDARD_LIBRARIES = YES;
				CODE_SIGN_STYLE = Automatic;
				CURRENT_PROJECT_VERSION = 1;
				DEVELOPMENT_TEAM = 73D7XMRQAB;
				ENABLE_USER_SCRIPT_SANDBOXING = YES;
				GENERATE_INFOPLIST_FILE = YES;
				MARKETING_VERSION = 1.0;
				PRODUCT_BUNDLE_IDENTIFIER = "defee.WFerrovias-Watch-AppUITests";
				PRODUCT_NAME = "$(TARGET_NAME)";
				SDKROOT = watchos;
				SWIFT_EMIT_LOC_STRINGS = NO;
				SWIFT_VERSION = 5.0;
				TARGETED_DEVICE_FAMILY = 4;
				TEST_TARGET_NAME = "WFerrovias Watch App";
				WATCHOS_DEPLOYMENT_TARGET = 10.5;
			};
			name = Debug;
		};
		DDD4CB452C02963D001B51CD /* Release */ = {
			isa = XCBuildConfiguration;
			buildSettings = {
				ALWAYS_EMBED_SWIFT_STANDARD_LIBRARIES = YES;
				CODE_SIGN_STYLE = Automatic;
				CURRENT_PROJECT_VERSION = 1;
				DEVELOPMENT_TEAM = 73D7XMRQAB;
				ENABLE_USER_SCRIPT_SANDBOXING = YES;
				GENERATE_INFOPLIST_FILE = YES;
				MARKETING_VERSION = 1.0;
				PRODUCT_BUNDLE_IDENTIFIER = "defee.WFerrovias-Watch-AppUITests";
				PRODUCT_NAME = "$(TARGET_NAME)";
				SDKROOT = watchos;
				SWIFT_EMIT_LOC_STRINGS = NO;
				SWIFT_VERSION = 5.0;
				TARGETED_DEVICE_FAMILY = 4;
				TEST_TARGET_NAME = "WFerrovias Watch App";
				WATCHOS_DEPLOYMENT_TARGET = 10.5;
			};
			name = Release;
		};
		DDF760D22BF7FCEF0028E846 /* Debug */ = {
			isa = XCBuildConfiguration;
			buildSettings = {
				ALWAYS_SEARCH_USER_PATHS = NO;
				ASSETCATALOG_COMPILER_GENERATE_SWIFT_ASSET_SYMBOL_EXTENSIONS = YES;
				CLANG_ANALYZER_NONNULL = YES;
				CLANG_ANALYZER_NUMBER_OBJECT_CONVERSION = YES_AGGRESSIVE;
				CLANG_CXX_LANGUAGE_STANDARD = "gnu++20";
				CLANG_ENABLE_MODULES = YES;
				CLANG_ENABLE_OBJC_ARC = YES;
				CLANG_ENABLE_OBJC_WEAK = YES;
				CLANG_WARN_BLOCK_CAPTURE_AUTORELEASING = YES;
				CLANG_WARN_BOOL_CONVERSION = YES;
				CLANG_WARN_COMMA = YES;
				CLANG_WARN_CONSTANT_CONVERSION = YES;
				CLANG_WARN_DEPRECATED_OBJC_IMPLEMENTATIONS = YES;
				CLANG_WARN_DIRECT_OBJC_ISA_USAGE = YES_ERROR;
				CLANG_WARN_DOCUMENTATION_COMMENTS = YES;
				CLANG_WARN_EMPTY_BODY = YES;
				CLANG_WARN_ENUM_CONVERSION = YES;
				CLANG_WARN_INFINITE_RECURSION = YES;
				CLANG_WARN_INT_CONVERSION = YES;
				CLANG_WARN_NON_LITERAL_NULL_CONVERSION = YES;
				CLANG_WARN_OBJC_IMPLICIT_RETAIN_SELF = YES;
				CLANG_WARN_OBJC_LITERAL_CONVERSION = YES;
				CLANG_WARN_OBJC_ROOT_CLASS = YES_ERROR;
				CLANG_WARN_QUOTED_INCLUDE_IN_FRAMEWORK_HEADER = YES;
				CLANG_WARN_RANGE_LOOP_ANALYSIS = YES;
				CLANG_WARN_STRICT_PROTOTYPES = YES;
				CLANG_WARN_SUSPICIOUS_MOVE = YES;
				CLANG_WARN_UNGUARDED_AVAILABILITY = YES_AGGRESSIVE;
				CLANG_WARN_UNREACHABLE_CODE = YES;
				CLANG_WARN__DUPLICATE_METHOD_MATCH = YES;
				COPY_PHASE_STRIP = NO;
				DEBUG_INFORMATION_FORMAT = dwarf;
				ENABLE_STRICT_OBJC_MSGSEND = YES;
				ENABLE_TESTABILITY = YES;
				ENABLE_USER_SCRIPT_SANDBOXING = NO;
				GCC_C_LANGUAGE_STANDARD = gnu17;
				GCC_DYNAMIC_NO_PIC = NO;
				GCC_NO_COMMON_BLOCKS = YES;
				GCC_OPTIMIZATION_LEVEL = 0;
				GCC_PREPROCESSOR_DEFINITIONS = (
					"DEBUG=1",
					"$(inherited)",
				);
				GCC_WARN_64_TO_32_BIT_CONVERSION = YES;
				GCC_WARN_ABOUT_RETURN_TYPE = YES_ERROR;
				GCC_WARN_UNDECLARED_SELECTOR = YES;
				GCC_WARN_UNINITIALIZED_AUTOS = YES_AGGRESSIVE;
				GCC_WARN_UNUSED_FUNCTION = YES;
				GCC_WARN_UNUSED_VARIABLE = YES;
				IPHONEOS_DEPLOYMENT_TARGET = 17.5;
				LOCALIZATION_PREFERS_STRING_CATALOGS = YES;
				MTL_ENABLE_DEBUG_INFO = INCLUDE_SOURCE;
				MTL_FAST_MATH = YES;
				ONLY_ACTIVE_ARCH = YES;
				SDKROOT = iphoneos;
				SKIP_INSTALL = NO;
				SWIFT_ACTIVE_COMPILATION_CONDITIONS = "DEBUG $(inherited)";
				SWIFT_OPTIMIZATION_LEVEL = "-Onone";
			};
			name = Debug;
		};
		DDF760D32BF7FCEF0028E846 /* Release */ = {
			isa = XCBuildConfiguration;
			buildSettings = {
				ALWAYS_SEARCH_USER_PATHS = NO;
				ASSETCATALOG_COMPILER_GENERATE_SWIFT_ASSET_SYMBOL_EXTENSIONS = YES;
				CLANG_ANALYZER_NONNULL = YES;
				CLANG_ANALYZER_NUMBER_OBJECT_CONVERSION = YES_AGGRESSIVE;
				CLANG_CXX_LANGUAGE_STANDARD = "gnu++20";
				CLANG_ENABLE_MODULES = YES;
				CLANG_ENABLE_OBJC_ARC = YES;
				CLANG_ENABLE_OBJC_WEAK = YES;
				CLANG_WARN_BLOCK_CAPTURE_AUTORELEASING = YES;
				CLANG_WARN_BOOL_CONVERSION = YES;
				CLANG_WARN_COMMA = YES;
				CLANG_WARN_CONSTANT_CONVERSION = YES;
				CLANG_WARN_DEPRECATED_OBJC_IMPLEMENTATIONS = YES;
				CLANG_WARN_DIRECT_OBJC_ISA_USAGE = YES_ERROR;
				CLANG_WARN_DOCUMENTATION_COMMENTS = YES;
				CLANG_WARN_EMPTY_BODY = YES;
				CLANG_WARN_ENUM_CONVERSION = YES;
				CLANG_WARN_INFINITE_RECURSION = YES;
				CLANG_WARN_INT_CONVERSION = YES;
				CLANG_WARN_NON_LITERAL_NULL_CONVERSION = YES;
				CLANG_WARN_OBJC_IMPLICIT_RETAIN_SELF = YES;
				CLANG_WARN_OBJC_LITERAL_CONVERSION = YES;
				CLANG_WARN_OBJC_ROOT_CLASS = YES_ERROR;
				CLANG_WARN_QUOTED_INCLUDE_IN_FRAMEWORK_HEADER = YES;
				CLANG_WARN_RANGE_LOOP_ANALYSIS = YES;
				CLANG_WARN_STRICT_PROTOTYPES = YES;
				CLANG_WARN_SUSPICIOUS_MOVE = YES;
				CLANG_WARN_UNGUARDED_AVAILABILITY = YES_AGGRESSIVE;
				CLANG_WARN_UNREACHABLE_CODE = YES;
				CLANG_WARN__DUPLICATE_METHOD_MATCH = YES;
				COPY_PHASE_STRIP = NO;
				DEBUG_INFORMATION_FORMAT = "dwarf-with-dsym";
				ENABLE_NS_ASSERTIONS = NO;
				ENABLE_STRICT_OBJC_MSGSEND = YES;
				ENABLE_USER_SCRIPT_SANDBOXING = NO;
				GCC_C_LANGUAGE_STANDARD = gnu17;
				GCC_NO_COMMON_BLOCKS = YES;
				GCC_WARN_64_TO_32_BIT_CONVERSION = YES;
				GCC_WARN_ABOUT_RETURN_TYPE = YES_ERROR;
				GCC_WARN_UNDECLARED_SELECTOR = YES;
				GCC_WARN_UNINITIALIZED_AUTOS = YES_AGGRESSIVE;
				GCC_WARN_UNUSED_FUNCTION = YES;
				GCC_WARN_UNUSED_VARIABLE = YES;
				IPHONEOS_DEPLOYMENT_TARGET = 17.5;
				LOCALIZATION_PREFERS_STRING_CATALOGS = YES;
				MTL_ENABLE_DEBUG_INFO = NO;
				MTL_FAST_MATH = YES;
				SDKROOT = iphoneos;
				SKIP_INSTALL = NO;
				SWIFT_COMPILATION_MODE = wholemodule;
				VALIDATE_PRODUCT = YES;
			};
			name = Release;
		};
		DDF760D52BF7FCEF0028E846 /* Debug */ = {
			isa = XCBuildConfiguration;
			baseConfigurationReference = 1B850BDFA34C9E8EF2CDD8F7 /* Pods-Ferrovias.debug.xcconfig */;
			buildSettings = {
				ASSETCATALOG_COMPILER_APPICON_NAME = AppIcon;
				ASSETCATALOG_COMPILER_GLOBAL_ACCENT_COLOR_NAME = AccentColor;
				CODE_SIGN_STYLE = Automatic;
				CURRENT_PROJECT_VERSION = 1;
				DEVELOPMENT_ASSET_PATHS = "\"Ferrovias/Preview Content\"";
				DEVELOPMENT_TEAM = 73D7XMRQAB;
				ENABLE_PREVIEWS = YES;
				GENERATE_INFOPLIST_FILE = YES;
				INFOPLIST_FILE = Ferrovias/Info.plist;
				INFOPLIST_KEY_UIApplicationSceneManifest_Generation = YES;
				INFOPLIST_KEY_UIApplicationSupportsIndirectInputEvents = YES;
				INFOPLIST_KEY_UILaunchScreen_Generation = YES;
				INFOPLIST_KEY_UIStatusBarStyle = "";
				INFOPLIST_KEY_UISupportedInterfaceOrientations_iPad = "UIInterfaceOrientationPortrait UIInterfaceOrientationPortraitUpsideDown UIInterfaceOrientationLandscapeLeft UIInterfaceOrientationLandscapeRight";
				INFOPLIST_KEY_UISupportedInterfaceOrientations_iPhone = "UIInterfaceOrientationPortrait UIInterfaceOrientationLandscapeLeft UIInterfaceOrientationLandscapeRight";
				LD_RUNPATH_SEARCH_PATHS = (
					"$(inherited)",
					"@executable_path/Frameworks",
				);
				MARKETING_VERSION = 1.0;
				PRODUCT_BUNDLE_IDENTIFIER = defee.Ferrovias;
				PRODUCT_NAME = "$(TARGET_NAME)";
				SWIFT_EMIT_LOC_STRINGS = YES;
				SWIFT_VERSION = 5.0;
				TARGETED_DEVICE_FAMILY = "1,2";
			};
			name = Debug;
		};
		DDF760D62BF7FCEF0028E846 /* Release */ = {
			isa = XCBuildConfiguration;
			baseConfigurationReference = 9C308F9F486F5F00E2B5D7D3 /* Pods-Ferrovias.release.xcconfig */;
			buildSettings = {
				ASSETCATALOG_COMPILER_APPICON_NAME = AppIcon;
				ASSETCATALOG_COMPILER_GLOBAL_ACCENT_COLOR_NAME = AccentColor;
				CODE_SIGN_STYLE = Automatic;
				CURRENT_PROJECT_VERSION = 1;
				DEVELOPMENT_ASSET_PATHS = "\"Ferrovias/Preview Content\"";
				DEVELOPMENT_TEAM = 73D7XMRQAB;
				ENABLE_PREVIEWS = YES;
				GENERATE_INFOPLIST_FILE = YES;
				INFOPLIST_FILE = Ferrovias/Info.plist;
				INFOPLIST_KEY_UIApplicationSceneManifest_Generation = YES;
				INFOPLIST_KEY_UIApplicationSupportsIndirectInputEvents = YES;
				INFOPLIST_KEY_UILaunchScreen_Generation = YES;
				INFOPLIST_KEY_UIStatusBarStyle = "";
				INFOPLIST_KEY_UISupportedInterfaceOrientations_iPad = "UIInterfaceOrientationPortrait UIInterfaceOrientationPortraitUpsideDown UIInterfaceOrientationLandscapeLeft UIInterfaceOrientationLandscapeRight";
				INFOPLIST_KEY_UISupportedInterfaceOrientations_iPhone = "UIInterfaceOrientationPortrait UIInterfaceOrientationLandscapeLeft UIInterfaceOrientationLandscapeRight";
				LD_RUNPATH_SEARCH_PATHS = (
					"$(inherited)",
					"@executable_path/Frameworks",
				);
				MARKETING_VERSION = 1.0;
				PRODUCT_BUNDLE_IDENTIFIER = defee.Ferrovias;
				PRODUCT_NAME = "$(TARGET_NAME)";
				SWIFT_EMIT_LOC_STRINGS = YES;
				SWIFT_VERSION = 5.0;
				TARGETED_DEVICE_FAMILY = "1,2";
			};
			name = Release;
		};
		DDF760D82BF7FCEF0028E846 /* Debug */ = {
			isa = XCBuildConfiguration;
			baseConfigurationReference = 18BA9635BE9E24370C7CF24F /* Pods-FerroviasTests.debug.xcconfig */;
			buildSettings = {
				ALWAYS_EMBED_SWIFT_STANDARD_LIBRARIES = YES;
				BUNDLE_LOADER = "$(TEST_HOST)";
				CODE_SIGN_STYLE = Automatic;
				CURRENT_PROJECT_VERSION = 1;
				DEVELOPMENT_TEAM = 73D7XMRQAB;
				GENERATE_INFOPLIST_FILE = YES;
				IPHONEOS_DEPLOYMENT_TARGET = 17.5;
				MARKETING_VERSION = 1.0;
				PRODUCT_BUNDLE_IDENTIFIER = defee.FerroviasTests;
				PRODUCT_NAME = "$(TARGET_NAME)";
				SWIFT_EMIT_LOC_STRINGS = NO;
				SWIFT_VERSION = 5.0;
				TARGETED_DEVICE_FAMILY = "1,2";
				TEST_HOST = "$(BUILT_PRODUCTS_DIR)/Ferrovias.app/$(BUNDLE_EXECUTABLE_FOLDER_PATH)/Ferrovias";
			};
			name = Debug;
		};
		DDF760D92BF7FCEF0028E846 /* Release */ = {
			isa = XCBuildConfiguration;
			baseConfigurationReference = 398F50F6C597BD0D93E7B931 /* Pods-FerroviasTests.release.xcconfig */;
			buildSettings = {
				ALWAYS_EMBED_SWIFT_STANDARD_LIBRARIES = YES;
				BUNDLE_LOADER = "$(TEST_HOST)";
				CODE_SIGN_STYLE = Automatic;
				CURRENT_PROJECT_VERSION = 1;
				DEVELOPMENT_TEAM = 73D7XMRQAB;
				GENERATE_INFOPLIST_FILE = YES;
				IPHONEOS_DEPLOYMENT_TARGET = 17.5;
				MARKETING_VERSION = 1.0;
				PRODUCT_BUNDLE_IDENTIFIER = defee.FerroviasTests;
				PRODUCT_NAME = "$(TARGET_NAME)";
				SWIFT_EMIT_LOC_STRINGS = NO;
				SWIFT_VERSION = 5.0;
				TARGETED_DEVICE_FAMILY = "1,2";
				TEST_HOST = "$(BUILT_PRODUCTS_DIR)/Ferrovias.app/$(BUNDLE_EXECUTABLE_FOLDER_PATH)/Ferrovias";
			};
			name = Release;
		};
		DDF760DB2BF7FCEF0028E846 /* Debug */ = {
			isa = XCBuildConfiguration;
			baseConfigurationReference = 94E6FF3E3337E8B1E1EE10FE /* Pods-Ferrovias-FerroviasUITests.debug.xcconfig */;
			buildSettings = {
				ALWAYS_EMBED_SWIFT_STANDARD_LIBRARIES = YES;
				CODE_SIGN_STYLE = Automatic;
				CURRENT_PROJECT_VERSION = 1;
				DEVELOPMENT_TEAM = 73D7XMRQAB;
				GENERATE_INFOPLIST_FILE = YES;
				MARKETING_VERSION = 1.0;
				PRODUCT_BUNDLE_IDENTIFIER = defee.FerroviasUITests;
				PRODUCT_NAME = "$(TARGET_NAME)";
				SWIFT_EMIT_LOC_STRINGS = NO;
				SWIFT_VERSION = 5.0;
				TARGETED_DEVICE_FAMILY = "1,2";
				TEST_TARGET_NAME = Ferrovias;
			};
			name = Debug;
		};
		DDF760DC2BF7FCEF0028E846 /* Release */ = {
			isa = XCBuildConfiguration;
			baseConfigurationReference = B33030CCB07D7311AA651B08 /* Pods-Ferrovias-FerroviasUITests.release.xcconfig */;
			buildSettings = {
				ALWAYS_EMBED_SWIFT_STANDARD_LIBRARIES = YES;
				CODE_SIGN_STYLE = Automatic;
				CURRENT_PROJECT_VERSION = 1;
				DEVELOPMENT_TEAM = 73D7XMRQAB;
				GENERATE_INFOPLIST_FILE = YES;
				MARKETING_VERSION = 1.0;
				PRODUCT_BUNDLE_IDENTIFIER = defee.FerroviasUITests;
				PRODUCT_NAME = "$(TARGET_NAME)";
				SWIFT_EMIT_LOC_STRINGS = NO;
				SWIFT_VERSION = 5.0;
				TARGETED_DEVICE_FAMILY = "1,2";
				TEST_TARGET_NAME = Ferrovias;
			};
			name = Release;
		};
/* End XCBuildConfiguration section */

/* Begin XCConfigurationList section */
		DDD4CB3D2C02963D001B51CD /* Build configuration list for PBXNativeTarget "WFerrovias Watch App" */ = {
			isa = XCConfigurationList;
			buildConfigurations = (
				DDD4CB3E2C02963D001B51CD /* Debug */,
				DDD4CB3F2C02963D001B51CD /* Release */,
			);
			defaultConfigurationIsVisible = 0;
			defaultConfigurationName = Release;
		};
		DDD4CB402C02963D001B51CD /* Build configuration list for PBXNativeTarget "WFerrovias Watch AppTests" */ = {
			isa = XCConfigurationList;
			buildConfigurations = (
				DDD4CB412C02963D001B51CD /* Debug */,
				DDD4CB422C02963D001B51CD /* Release */,
			);
			defaultConfigurationIsVisible = 0;
			defaultConfigurationName = Release;
		};
		DDD4CB432C02963D001B51CD /* Build configuration list for PBXNativeTarget "WFerrovias Watch AppUITests" */ = {
			isa = XCConfigurationList;
			buildConfigurations = (
				DDD4CB442C02963D001B51CD /* Debug */,
				DDD4CB452C02963D001B51CD /* Release */,
			);
			defaultConfigurationIsVisible = 0;
			defaultConfigurationName = Release;
		};
		DDF760AB2BF7FCED0028E846 /* Build configuration list for PBXProject "Ferrovias" */ = {
			isa = XCConfigurationList;
			buildConfigurations = (
				DDF760D22BF7FCEF0028E846 /* Debug */,
				DDF760D32BF7FCEF0028E846 /* Release */,
			);
			defaultConfigurationIsVisible = 0;
			defaultConfigurationName = Release;
		};
		DDF760D42BF7FCEF0028E846 /* Build configuration list for PBXNativeTarget "Ferrovias" */ = {
			isa = XCConfigurationList;
			buildConfigurations = (
				DDF760D52BF7FCEF0028E846 /* Debug */,
				DDF760D62BF7FCEF0028E846 /* Release */,
			);
			defaultConfigurationIsVisible = 0;
			defaultConfigurationName = Release;
		};
		DDF760D72BF7FCEF0028E846 /* Build configuration list for PBXNativeTarget "FerroviasTests" */ = {
			isa = XCConfigurationList;
			buildConfigurations = (
				DDF760D82BF7FCEF0028E846 /* Debug */,
				DDF760D92BF7FCEF0028E846 /* Release */,
			);
			defaultConfigurationIsVisible = 0;
			defaultConfigurationName = Release;
		};
		DDF760DA2BF7FCEF0028E846 /* Build configuration list for PBXNativeTarget "FerroviasUITests" */ = {
			isa = XCConfigurationList;
			buildConfigurations = (
				DDF760DB2BF7FCEF0028E846 /* Debug */,
				DDF760DC2BF7FCEF0028E846 /* Release */,
			);
			defaultConfigurationIsVisible = 0;
			defaultConfigurationName = Release;
		};
/* End XCConfigurationList section */

/* Begin XCRemoteSwiftPackageReference section */
		DDF760DD2BF7FD710028E846 /* XCRemoteSwiftPackageReference "SwiftSoup" */ = {
			isa = XCRemoteSwiftPackageReference;
			repositoryURL = "https://github.com/scinfu/SwiftSoup.git";
			requirement = {
				kind = upToNextMajorVersion;
				minimumVersion = 2.7.2;
			};
		};
/* End XCRemoteSwiftPackageReference section */

/* Begin XCSwiftPackageProductDependency section */
		DDD4CB462C0296AE001B51CD /* SwiftSoup */ = {
			isa = XCSwiftPackageProductDependency;
			package = DDF760DD2BF7FD710028E846 /* XCRemoteSwiftPackageReference "SwiftSoup" */;
			productName = SwiftSoup;
		};
/* End XCSwiftPackageProductDependency section */
	};
	rootObject = DDF760A82BF7FCED0028E846 /* Project object */;
}
